// !$*UTF8*$!
{
	archiveVersion = 1;
	classes = {
	};
	objectVersion = 51;
	objects = {

/* Begin PBXBuildFile section */
		2F987BC621E21F1C00BF8A44 /* AppDelegate.swift in Sources */ = {isa = PBXBuildFile; fileRef = 2F987BC521E21F1C00BF8A44 /* AppDelegate.swift */; };
		2F987BC821E21F1C00BF8A44 /* ViewController.swift in Sources */ = {isa = PBXBuildFile; fileRef = 2F987BC721E21F1C00BF8A44 /* ViewController.swift */; };
		2F987BCB21E21F1C00BF8A44 /* Main.storyboard in Resources */ = {isa = PBXBuildFile; fileRef = 2F987BC921E21F1C00BF8A44 /* Main.storyboard */; };
		2F987BCD21E21F1E00BF8A44 /* Assets.xcassets in Resources */ = {isa = PBXBuildFile; fileRef = 2F987BCC21E21F1E00BF8A44 /* Assets.xcassets */; };
		2F987BD021E21F1E00BF8A44 /* LaunchScreen.storyboard in Resources */ = {isa = PBXBuildFile; fileRef = 2F987BCE21E21F1E00BF8A44 /* LaunchScreen.storyboard */; };
		3BBF225B558C48BBA9F6B69B /* Pods_HaveFunWithRealm.framework in Frameworks */ = {isa = PBXBuildFile; fileRef = 333E3354EABC7D1BE344550F /* Pods_HaveFunWithRealm.framework */; };
		F4EBE3DE24A76707009996C3 /* DBMan.swift in Sources */ = {isa = PBXBuildFile; fileRef = F4EBE3DD24A76707009996C3 /* DBMan.swift */; };
		F4EBE3E324A7680C009996C3 /* CascadeDeleting.swift in Sources */ = {isa = PBXBuildFile; fileRef = F4EBE3E224A7680C009996C3 /* CascadeDeleting.swift */; };
		F4EBE3E524A7686A009996C3 /* CRUD.swift in Sources */ = {isa = PBXBuildFile; fileRef = F4EBE3E424A7686A009996C3 /* CRUD.swift */; };
		F4EBE3E724A768A7009996C3 /* Typealias.swift in Sources */ = {isa = PBXBuildFile; fileRef = F4EBE3E624A768A7009996C3 /* Typealias.swift */; };
		F4EBE3E924A76933009996C3 /* Strings.swift in Sources */ = {isa = PBXBuildFile; fileRef = F4EBE3E824A76933009996C3 /* Strings.swift */; };
		F4EBE3EC24A76979009996C3 /* Cruder.swift in Sources */ = {isa = PBXBuildFile; fileRef = F4EBE3EB24A76979009996C3 /* Cruder.swift */; };
		F4EBE3EF24A769CD009996C3 /* DBDataSource.swift in Sources */ = {isa = PBXBuildFile; fileRef = F4EBE3EE24A769CD009996C3 /* DBDataSource.swift */; };
/* End PBXBuildFile section */

/* Begin PBXFileReference section */
		21454B0CA791232D2BF9727D /* Pods-HaveFunWithRealm.debug.xcconfig */ = {isa = PBXFileReference; includeInIndex = 1; lastKnownFileType = text.xcconfig; name = "Pods-HaveFunWithRealm.debug.xcconfig"; path = "Pods/Target Support Files/Pods-HaveFunWithRealm/Pods-HaveFunWithRealm.debug.xcconfig"; sourceTree = "<group>"; };
		2611038428551DD38F1E0C82 /* Pods-HaveFunWithRealm.release.xcconfig */ = {isa = PBXFileReference; includeInIndex = 1; lastKnownFileType = text.xcconfig; name = "Pods-HaveFunWithRealm.release.xcconfig"; path = "Pods/Target Support Files/Pods-HaveFunWithRealm/Pods-HaveFunWithRealm.release.xcconfig"; sourceTree = "<group>"; };
		2F987BC221E21F1C00BF8A44 /* HaveFunWithRealm.app */ = {isa = PBXFileReference; explicitFileType = wrapper.application; includeInIndex = 0; path = HaveFunWithRealm.app; sourceTree = BUILT_PRODUCTS_DIR; };
		2F987BC521E21F1C00BF8A44 /* AppDelegate.swift */ = {isa = PBXFileReference; lastKnownFileType = sourcecode.swift; path = AppDelegate.swift; sourceTree = "<group>"; };
		2F987BC721E21F1C00BF8A44 /* ViewController.swift */ = {isa = PBXFileReference; lastKnownFileType = sourcecode.swift; path = ViewController.swift; sourceTree = "<group>"; };
		2F987BCA21E21F1C00BF8A44 /* Base */ = {isa = PBXFileReference; lastKnownFileType = file.storyboard; name = Base; path = Base.lproj/Main.storyboard; sourceTree = "<group>"; };
		2F987BCC21E21F1E00BF8A44 /* Assets.xcassets */ = {isa = PBXFileReference; lastKnownFileType = folder.assetcatalog; path = Assets.xcassets; sourceTree = "<group>"; };
		2F987BCF21E21F1E00BF8A44 /* Base */ = {isa = PBXFileReference; lastKnownFileType = file.storyboard; name = Base; path = Base.lproj/LaunchScreen.storyboard; sourceTree = "<group>"; };
		2F987BD121E21F1E00BF8A44 /* Info.plist */ = {isa = PBXFileReference; lastKnownFileType = text.plist.xml; path = Info.plist; sourceTree = "<group>"; };
		333E3354EABC7D1BE344550F /* Pods_HaveFunWithRealm.framework */ = {isa = PBXFileReference; explicitFileType = wrapper.framework; includeInIndex = 0; path = Pods_HaveFunWithRealm.framework; sourceTree = BUILT_PRODUCTS_DIR; };
		F4EBE3DD24A76707009996C3 /* DBMan.swift */ = {isa = PBXFileReference; lastKnownFileType = sourcecode.swift; path = DBMan.swift; sourceTree = "<group>"; };
		F4EBE3E224A7680C009996C3 /* CascadeDeleting.swift */ = {isa = PBXFileReference; lastKnownFileType = sourcecode.swift; path = CascadeDeleting.swift; sourceTree = "<group>"; };
		F4EBE3E424A7686A009996C3 /* CRUD.swift */ = {isa = PBXFileReference; lastKnownFileType = sourcecode.swift; path = CRUD.swift; sourceTree = "<group>"; };
		F4EBE3E624A768A7009996C3 /* Typealias.swift */ = {isa = PBXFileReference; lastKnownFileType = sourcecode.swift; path = Typealias.swift; sourceTree = "<group>"; };
		F4EBE3E824A76933009996C3 /* Strings.swift */ = {isa = PBXFileReference; lastKnownFileType = sourcecode.swift; path = Strings.swift; sourceTree = "<group>"; };
		F4EBE3EB24A76979009996C3 /* Cruder.swift */ = {isa = PBXFileReference; lastKnownFileType = sourcecode.swift; path = Cruder.swift; sourceTree = "<group>"; };
		F4EBE3EE24A769CD009996C3 /* DBDataSource.swift */ = {isa = PBXFileReference; lastKnownFileType = sourcecode.swift; path = DBDataSource.swift; sourceTree = "<group>"; };
/* End PBXFileReference section */

/* Begin PBXFrameworksBuildPhase section */
		2F987BBF21E21F1C00BF8A44 /* Frameworks */ = {
			isa = PBXFrameworksBuildPhase;
			buildActionMask = 2147483647;
			files = (
				3BBF225B558C48BBA9F6B69B /* Pods_HaveFunWithRealm.framework in Frameworks */,
			);
			runOnlyForDeploymentPostprocessing = 0;
		};
/* End PBXFrameworksBuildPhase section */

/* Begin PBXGroup section */
		2F987BB921E21F1C00BF8A44 = {
			isa = PBXGroup;
			children = (
				2F987BC421E21F1C00BF8A44 /* HaveFunWithRealm */,
				2F987BC321E21F1C00BF8A44 /* Products */,
				B4028AF8A8D13B723651EC0D /* Pods */,
				F194AFFC2742B1179D14F26A /* Frameworks */,
			);
			sourceTree = "<group>";
		};
		2F987BC321E21F1C00BF8A44 /* Products */ = {
			isa = PBXGroup;
			children = (
				2F987BC221E21F1C00BF8A44 /* HaveFunWithRealm.app */,
			);
			name = Products;
			sourceTree = "<group>";
		};
		2F987BC421E21F1C00BF8A44 /* HaveFunWithRealm */ = {
			isa = PBXGroup;
			children = (
				F4EBE3F124A76A73009996C3 /* EX */,
				F4EBE3DF24A767E6009996C3 /* Other */,
				F4EBE3DC24A7665C009996C3 /* Manager */,
				2F987BD121E21F1E00BF8A44 /* Info.plist */,
			);
			path = HaveFunWithRealm;
			sourceTree = "<group>";
		};
		B4028AF8A8D13B723651EC0D /* Pods */ = {
			isa = PBXGroup;
			children = (
				21454B0CA791232D2BF9727D /* Pods-HaveFunWithRealm.debug.xcconfig */,
				2611038428551DD38F1E0C82 /* Pods-HaveFunWithRealm.release.xcconfig */,
			);
			name = Pods;
			sourceTree = "<group>";
		};
		F194AFFC2742B1179D14F26A /* Frameworks */ = {
			isa = PBXGroup;
			children = (
				333E3354EABC7D1BE344550F /* Pods_HaveFunWithRealm.framework */,
			);
			name = Frameworks;
			sourceTree = "<group>";
		};
		F4EBE3DC24A7665C009996C3 /* Manager */ = {
			isa = PBXGroup;
			children = (
				F4EBE3DD24A76707009996C3 /* DBMan.swift */,
			);
			path = Manager;
			sourceTree = "<group>";
		};
		F4EBE3DF24A767E6009996C3 /* Other */ = {
			isa = PBXGroup;
			children = (
				F4EBE3F024A76A0B009996C3 /* Resource */,
				F4EBE3ED24A769C3009996C3 /* Protocol */,
				F4EBE3EA24A76969009996C3 /* Tool */,
				F4EBE3E124A76801009996C3 /* Extension */,
				F4EBE3E424A7686A009996C3 /* CRUD.swift */,
				F4EBE3E624A768A7009996C3 /* Typealias.swift */,
				F4EBE3E824A76933009996C3 /* Strings.swift */,
			);
			path = Other;
			sourceTree = "<group>";
		};
		F4EBE3E124A76801009996C3 /* Extension */ = {
			isa = PBXGroup;
			children = (
				F4EBE3E224A7680C009996C3 /* CascadeDeleting.swift */,
			);
			path = Extension;
			sourceTree = "<group>";
		};
		F4EBE3EA24A76969009996C3 /* Tool */ = {
			isa = PBXGroup;
			children = (
				F4EBE3EB24A76979009996C3 /* Cruder.swift */,
			);
			path = Tool;
			sourceTree = "<group>";
		};
		F4EBE3ED24A769C3009996C3 /* Protocol */ = {
			isa = PBXGroup;
			children = (
				F4EBE3EE24A769CD009996C3 /* DBDataSource.swift */,
			);
			path = Protocol;
			sourceTree = "<group>";
		};
		F4EBE3F024A76A0B009996C3 /* Resource */ = {
			isa = PBXGroup;
			children = (
				2F987BCC21E21F1E00BF8A44 /* Assets.xcassets */,
			);
			path = Resource;
			sourceTree = "<group>";
		};
		F4EBE3F124A76A73009996C3 /* EX */ = {
			isa = PBXGroup;
			children = (
				2F987BC921E21F1C00BF8A44 /* Main.storyboard */,
				2F987BCE21E21F1E00BF8A44 /* LaunchScreen.storyboard */,
				2F987BC521E21F1C00BF8A44 /* AppDelegate.swift */,
				2F987BC721E21F1C00BF8A44 /* ViewController.swift */,
			);
			path = EX;
			sourceTree = "<group>";
		};
/* End PBXGroup section */

/* Begin PBXNativeTarget section */
		2F987BC121E21F1C00BF8A44 /* HaveFunWithRealm */ = {
			isa = PBXNativeTarget;
			buildConfigurationList = 2F987BD421E21F1E00BF8A44 /* Build configuration list for PBXNativeTarget "HaveFunWithRealm" */;
			buildPhases = (
				E002D7D1EE9815B1288A4CB2 /* [CP] Check Pods Manifest.lock */,
				2F987BBE21E21F1C00BF8A44 /* Sources */,
				2F987BBF21E21F1C00BF8A44 /* Frameworks */,
				2F987BC021E21F1C00BF8A44 /* Resources */,
				68E6002EA061D48949CC4391 /* [CP] Embed Pods Frameworks */,
			);
			buildRules = (
			);
			dependencies = (
			);
			name = HaveFunWithRealm;
			productName = HaveFunWithRealm;
			productReference = 2F987BC221E21F1C00BF8A44 /* HaveFunWithRealm.app */;
			productType = "com.apple.product-type.application";
		};
/* End PBXNativeTarget section */

/* Begin PBXProject section */
		2F987BBA21E21F1C00BF8A44 /* Project object */ = {
			isa = PBXProject;
			attributes = {
				LastSwiftUpdateCheck = 1010;
				LastUpgradeCheck = 1010;
				ORGANIZATIONNAME = "Sahand Raeisi";
				TargetAttributes = {
					2F987BC121E21F1C00BF8A44 = {
						CreatedOnToolsVersion = 10.1;
					};
				};
			};
			buildConfigurationList = 2F987BBD21E21F1C00BF8A44 /* Build configuration list for PBXProject "HaveFunWithRealm" */;
			compatibilityVersion = "Xcode 9.3";
			developmentRegion = en;
			hasScannedForEncodings = 0;
			knownRegions = (
				en,
				Base,
			);
			mainGroup = 2F987BB921E21F1C00BF8A44;
			productRefGroup = 2F987BC321E21F1C00BF8A44 /* Products */;
			projectDirPath = "";
			projectRoot = "";
			targets = (
				2F987BC121E21F1C00BF8A44 /* HaveFunWithRealm */,
			);
		};
/* End PBXProject section */

/* Begin PBXResourcesBuildPhase section */
		2F987BC021E21F1C00BF8A44 /* Resources */ = {
			isa = PBXResourcesBuildPhase;
			buildActionMask = 2147483647;
			files = (
				2F987BD021E21F1E00BF8A44 /* LaunchScreen.storyboard in Resources */,
				2F987BCD21E21F1E00BF8A44 /* Assets.xcassets in Resources */,
				2F987BCB21E21F1C00BF8A44 /* Main.storyboard in Resources */,
			);
			runOnlyForDeploymentPostprocessing = 0;
		};
/* End PBXResourcesBuildPhase section */

/* Begin PBXShellScriptBuildPhase section */
		68E6002EA061D48949CC4391 /* [CP] Embed Pods Frameworks */ = {
			isa = PBXShellScriptBuildPhase;
			buildActionMask = 2147483647;
			files = (
			);
			inputFileListPaths = (
				"${PODS_ROOT}/Target Support Files/Pods-HaveFunWithRealm/Pods-HaveFunWithRealm-frameworks-${CONFIGURATION}-input-files.xcfilelist",
			);
			name = "[CP] Embed Pods Frameworks";
			outputFileListPaths = (
				"${PODS_ROOT}/Target Support Files/Pods-HaveFunWithRealm/Pods-HaveFunWithRealm-frameworks-${CONFIGURATION}-output-files.xcfilelist",
			);
			runOnlyForDeploymentPostprocessing = 0;
			shellPath = /bin/sh;
			shellScript = "\"${PODS_ROOT}/Target Support Files/Pods-HaveFunWithRealm/Pods-HaveFunWithRealm-frameworks.sh\"\n";
			showEnvVarsInLog = 0;
		};
		E002D7D1EE9815B1288A4CB2 /* [CP] Check Pods Manifest.lock */ = {
			isa = PBXShellScriptBuildPhase;
			buildActionMask = 2147483647;
			files = (
			);
			inputFileListPaths = (
			);
			inputPaths = (
				"${PODS_PODFILE_DIR_PATH}/Podfile.lock",
				"${PODS_ROOT}/Manifest.lock",
			);
			name = "[CP] Check Pods Manifest.lock";
			outputFileListPaths = (
			);
			outputPaths = (
				"$(DERIVED_FILE_DIR)/Pods-HaveFunWithRealm-checkManifestLockResult.txt",
			);
			runOnlyForDeploymentPostprocessing = 0;
			shellPath = /bin/sh;
			shellScript = "diff \"${PODS_PODFILE_DIR_PATH}/Podfile.lock\" \"${PODS_ROOT}/Manifest.lock\" > /dev/null\nif [ $? != 0 ] ; then\n    # print error to STDERR\n    echo \"error: The sandbox is not in sync with the Podfile.lock. Run 'pod install' or update your CocoaPods installation.\" >&2\n    exit 1\nfi\n# This output is used by Xcode 'outputs' to avoid re-running this script phase.\necho \"SUCCESS\" > \"${SCRIPT_OUTPUT_FILE_0}\"\n";
			showEnvVarsInLog = 0;
		};
/* End PBXShellScriptBuildPhase section */

/* Begin PBXSourcesBuildPhase section */
		2F987BBE21E21F1C00BF8A44 /* Sources */ = {
			isa = PBXSourcesBuildPhase;
			buildActionMask = 2147483647;
			files = (
				F4EBE3E324A7680C009996C3 /* CascadeDeleting.swift in Sources */,
				F4EBE3DE24A76707009996C3 /* DBMan.swift in Sources */,
				F4EBE3E924A76933009996C3 /* Strings.swift in Sources */,
				2F987BC821E21F1C00BF8A44 /* ViewController.swift in Sources */,
				2F987BC621E21F1C00BF8A44 /* AppDelegate.swift in Sources */,
				F4EBE3EF24A769CD009996C3 /* DBDataSource.swift in Sources */,
				F4EBE3EC24A76979009996C3 /* Cruder.swift in Sources */,
				F4EBE3E524A7686A009996C3 /* CRUD.swift in Sources */,
				F4EBE3E724A768A7009996C3 /* Typealias.swift in Sources */,
			);
			runOnlyForDeploymentPostprocessing = 0;
		};
/* End PBXSourcesBuildPhase section */

/* Begin PBXVariantGroup section */
		2F987BC921E21F1C00BF8A44 /* Main.storyboard */ = {
			isa = PBXVariantGroup;
			children = (
				2F987BCA21E21F1C00BF8A44 /* Base */,
			);
			name = Main.storyboard;
			sourceTree = "<group>";
		};
		2F987BCE21E21F1E00BF8A44 /* LaunchScreen.storyboard */ = {
			isa = PBXVariantGroup;
			children = (
				2F987BCF21E21F1E00BF8A44 /* Base */,
			);
			name = LaunchScreen.storyboard;
			sourceTree = "<group>";
		};
/* End PBXVariantGroup section */

/* Begin XCBuildConfiguration section */
		2F987BD221E21F1E00BF8A44 /* Debug */ = {
			isa = XCBuildConfiguration;
			buildSettings = {
				ALWAYS_SEARCH_USER_PATHS = NO;
				CLANG_ANALYZER_NONNULL = YES;
				CLANG_ANALYZER_NUMBER_OBJECT_CONVERSION = YES_AGGRESSIVE;
				CLANG_CXX_LANGUAGE_STANDARD = "gnu++14";
				CLANG_CXX_LIBRARY = "libc++";
				CLANG_ENABLE_MODULES = YES;
				CLANG_ENABLE_OBJC_ARC = YES;
				CLANG_ENABLE_OBJC_WEAK = YES;
				CLANG_WARN_BLOCK_CAPTURE_AUTORELEASING = YES;
				CLANG_WARN_BOOL_CONVERSION = YES;
				CLANG_WARN_COMMA = YES;
				CLANG_WARN_CONSTANT_CONVERSION = YES;
				CLANG_WARN_DEPRECATED_OBJC_IMPLEMENTATIONS = YES;
				CLANG_WARN_DIRECT_OBJC_ISA_USAGE = YES_ERROR;
				CLANG_WARN_DOCUMENTATION_COMMENTS = YES;
				CLANG_WARN_EMPTY_BODY = YES;
				CLANG_WARN_ENUM_CONVERSION = YES;
				CLANG_WARN_INFINITE_RECURSION = YES;
				CLANG_WARN_INT_CONVERSION = YES;
				CLANG_WARN_NON_LITERAL_NULL_CONVERSION = YES;
				CLANG_WARN_OBJC_IMPLICIT_RETAIN_SELF = YES;
				CLANG_WARN_OBJC_LITERAL_CONVERSION = YES;
				CLANG_WARN_OBJC_ROOT_CLASS = YES_ERROR;
				CLANG_WARN_RANGE_LOOP_ANALYSIS = YES;
				CLANG_WARN_STRICT_PROTOTYPES = YES;
				CLANG_WARN_SUSPICIOUS_MOVE = YES;
				CLANG_WARN_UNGUARDED_AVAILABILITY = YES_AGGRESSIVE;
				CLANG_WARN_UNREACHABLE_CODE = YES;
				CLANG_WARN__DUPLICATE_METHOD_MATCH = YES;
				CODE_SIGN_IDENTITY = "iPhone Developer";
				COPY_PHASE_STRIP = NO;
				DEBUG_INFORMATION_FORMAT = dwarf;
				ENABLE_STRICT_OBJC_MSGSEND = YES;
				ENABLE_TESTABILITY = YES;
				GCC_C_LANGUAGE_STANDARD = gnu11;
				GCC_DYNAMIC_NO_PIC = NO;
				GCC_NO_COMMON_BLOCKS = YES;
				GCC_OPTIMIZATION_LEVEL = 0;
				GCC_PREPROCESSOR_DEFINITIONS = (
					"DEBUG=1",
					"$(inherited)",
				);
				GCC_WARN_64_TO_32_BIT_CONVERSION = YES;
				GCC_WARN_ABOUT_RETURN_TYPE = YES_ERROR;
				GCC_WARN_UNDECLARED_SELECTOR = YES;
				GCC_WARN_UNINITIALIZED_AUTOS = YES_AGGRESSIVE;
				GCC_WARN_UNUSED_FUNCTION = YES;
				GCC_WARN_UNUSED_VARIABLE = YES;
				IPHONEOS_DEPLOYMENT_TARGET = 12.1;
				MTL_ENABLE_DEBUG_INFO = INCLUDE_SOURCE;
				MTL_FAST_MATH = YES;
				ONLY_ACTIVE_ARCH = YES;
				SDKROOT = iphoneos;
				SWIFT_ACTIVE_COMPILATION_CONDITIONS = DEBUG;
				SWIFT_OPTIMIZATION_LEVEL = "-Onone";
			};
			name = Debug;
		};
		2F987BD321E21F1E00BF8A44 /* Release */ = {
			isa = XCBuildConfiguration;
			buildSettings = {
				ALWAYS_SEARCH_USER_PATHS = NO;
				CLANG_ANALYZER_NONNULL = YES;
				CLANG_ANALYZER_NUMBER_OBJECT_CONVERSION = YES_AGGRESSIVE;
				CLANG_CXX_LANGUAGE_STANDARD = "gnu++14";
				CLANG_CXX_LIBRARY = "libc++";
				CLANG_ENABLE_MODULES = YES;
				CLANG_ENABLE_OBJC_ARC = YES;
				CLANG_ENABLE_OBJC_WEAK = YES;
				CLANG_WARN_BLOCK_CAPTURE_AUTORELEASING = YES;
				CLANG_WARN_BOOL_CONVERSION = YES;
				CLANG_WARN_COMMA = YES;
				CLANG_WARN_CONSTANT_CONVERSION = YES;
				CLANG_WARN_DEPRECATED_OBJC_IMPLEMENTATIONS = YES;
				CLANG_WARN_DIRECT_OBJC_ISA_USAGE = YES_ERROR;
				CLANG_WARN_DOCUMENTATION_COMMENTS = YES;
				CLANG_WARN_EMPTY_BODY = YES;
				CLANG_WARN_ENUM_CONVERSION = YES;
				CLANG_WARN_INFINITE_RECURSION = YES;
				CLANG_WARN_INT_CONVERSION = YES;
				CLANG_WARN_NON_LITERAL_NULL_CONVERSION = YES;
				CLANG_WARN_OBJC_IMPLICIT_RETAIN_SELF = YES;
				CLANG_WARN_OBJC_LITERAL_CONVERSION = YES;
				CLANG_WARN_OBJC_ROOT_CLASS = YES_ERROR;
				CLANG_WARN_RANGE_LOOP_ANALYSIS = YES;
				CLANG_WARN_STRICT_PROTOTYPES = YES;
				CLANG_WARN_SUSPICIOUS_MOVE = YES;
				CLANG_WARN_UNGUARDED_AVAILABILITY = YES_AGGRESSIVE;
				CLANG_WARN_UNREACHABLE_CODE = YES;
				CLANG_WARN__DUPLICATE_METHOD_MATCH = YES;
				CODE_SIGN_IDENTITY = "iPhone Developer";
				COPY_PHASE_STRIP = NO;
				DEBUG_INFORMATION_FORMAT = "dwarf-with-dsym";
				ENABLE_NS_ASSERTIONS = NO;
				ENABLE_STRICT_OBJC_MSGSEND = YES;
				GCC_C_LANGUAGE_STANDARD = gnu11;
				GCC_NO_COMMON_BLOCKS = YES;
				GCC_WARN_64_TO_32_BIT_CONVERSION = YES;
				GCC_WARN_ABOUT_RETURN_TYPE = YES_ERROR;
				GCC_WARN_UNDECLARED_SELECTOR = YES;
				GCC_WARN_UNINITIALIZED_AUTOS = YES_AGGRESSIVE;
				GCC_WARN_UNUSED_FUNCTION = YES;
				GCC_WARN_UNUSED_VARIABLE = YES;
				IPHONEOS_DEPLOYMENT_TARGET = 12.1;
				MTL_ENABLE_DEBUG_INFO = NO;
				MTL_FAST_MATH = YES;
				SDKROOT = iphoneos;
				SWIFT_COMPILATION_MODE = wholemodule;
				SWIFT_OPTIMIZATION_LEVEL = "-O";
				VALIDATE_PRODUCT = YES;
			};
			name = Release;
		};
		2F987BD521E21F1E00BF8A44 /* Debug */ = {
			isa = XCBuildConfiguration;
			baseConfigurationReference = 21454B0CA791232D2BF9727D /* Pods-HaveFunWithRealm.debug.xcconfig */;
			buildSettings = {
				ASSETCATALOG_COMPILER_APPICON_NAME = AppIcon;
				CODE_SIGN_STYLE = Automatic;
				DEVELOPMENT_TEAM = KRGCDU34JU;
				INFOPLIST_FILE = HaveFunWithRealm/Info.plist;
				LD_RUNPATH_SEARCH_PATHS = (
					"$(inherited)",
					"@executable_path/Frameworks",
				);
				PRODUCT_BUNDLE_IDENTIFIER = com.shndrs.HaveFunWithRealm;
				PRODUCT_NAME = "$(TARGET_NAME)";
				SWIFT_VERSION = 4.2;
				TARGETED_DEVICE_FAMILY = "1,2";
			};
			name = Debug;
		};
		2F987BD621E21F1E00BF8A44 /* Release */ = {
			isa = XCBuildConfiguration;
			baseConfigurationReference = 2611038428551DD38F1E0C82 /* Pods-HaveFunWithRealm.release.xcconfig */;
			buildSettings = {
				ASSETCATALOG_COMPILER_APPICON_NAME = AppIcon;
				CODE_SIGN_STYLE = Automatic;
				DEVELOPMENT_TEAM = KRGCDU34JU;
				INFOPLIST_FILE = HaveFunWithRealm/Info.plist;
				LD_RUNPATH_SEARCH_PATHS = (
					"$(inherited)",
					"@executable_path/Frameworks",
				);
				PRODUCT_BUNDLE_IDENTIFIER = com.shndrs.HaveFunWithRealm;
				PRODUCT_NAME = "$(TARGET_NAME)";
				SWIFT_VERSION = 4.2;
				TARGETED_DEVICE_FAMILY = "1,2";
			};
			name = Release;
		};
/* End XCBuildConfiguration section */

/* Begin XCConfigurationList section */
		2F987BBD21E21F1C00BF8A44 /* Build configuration list for PBXProject "HaveFunWithRealm" */ = {
			isa = XCConfigurationList;
			buildConfigurations = (
				2F987BD221E21F1E00BF8A44 /* Debug */,
				2F987BD321E21F1E00BF8A44 /* Release */,
			);
			defaultConfigurationIsVisible = 0;
			defaultConfigurationName = Release;
		};
		2F987BD421E21F1E00BF8A44 /* Build configuration list for PBXNativeTarget "HaveFunWithRealm" */ = {
			isa = XCConfigurationList;
			buildConfigurations = (
				2F987BD521E21F1E00BF8A44 /* Debug */,
				2F987BD621E21F1E00BF8A44 /* Release */,
			);
			defaultConfigurationIsVisible = 0;
			defaultConfigurationName = Release;
		};
/* End XCConfigurationList section */
	};
	rootObject = 2F987BBA21E21F1C00BF8A44 /* Project object */;
}
